
Microsoft Visual Studio Solution File, Format Version 12.00
# Visual Studio Version 17
VisualStudioVersion = 17.5.002.0
MinimumVisualStudioVersion = 10.0.40219.1
Project("{2150E333-8FDC-42A3-9474-1A3956D46DE8}") = "backend", "backend", "{78E3035F-FAAE-4237-9097-695EA7DFC7C4}"
EndProject
Project("{9A19103F-16F7-4668-BE54-9A1E7A4F7556}") = "Amazon.API", "backend\Amazon.API\Amazon.API.csproj", "{0DEC00E2-E6E2-4675-9095-F9D2DD644676}"
EndProject
Global
	GlobalSection(SolutionConfigurationPlatforms) = preSolution
		Debug|Any CPU = Debug|Any CPU
		Release|Any CPU = Release|Any CPU
	EndGlobalSection
	GlobalSection(ProjectConfigurationPlatforms) = postSolution
		{0DEC00E2-E6E2-4675-9095-F9D2DD644676}.Debug|Any CPU.ActiveCfg = Debug|Any CPU
		{0DEC00E2-E6E2-4675-9095-F9D2DD644676}.Debug|Any CPU.Build.0 = Debug|Any CPU
		{0DEC00E2-E6E2-4675-9095-F9D2DD644676}.Release|Any CPU.ActiveCfg = Release|Any CPU
		{0DEC00E2-E6E2-4675-9095-F9D2DD644676}.Release|Any CPU.Build.0 = Release|Any CPU
	EndGlobalSection
	GlobalSection(SolutionProperties) = preSolution
		HideSolutionNode = FALSE
	EndGlobalSection
	GlobalSection(NestedProjects) = preSolution
		{0DEC00E2-E6E2-4675-9095-F9D2DD644676} = {78E3035F-FAAE-4237-9097-695EA7DFC7C4}
	EndGlobalSection
	GlobalSection(ExtensibilityGlobals) = postSolution
		SolutionGuid = {F332607A-E21F-4075-A444-6F3BD3A8883E}
	EndGlobalSection
EndGlobal
